
Microsoft Visual Studio Solution File, Format Version 12.00
Project("{FAE04EC0-301F-11D3-BF4B-00C04F79EFBC}") = "IdentityService", "src\Services\IdentityService\IdentityService.csproj", "{25600D35-CA43-4FD3-AA08-5FE8CD948C61}"
EndProject
Project("{2150E333-8FDC-42A3-9474-1A3956D46DE8}") = "Solution Items", "Solution Items", "{E2995E65-2A51-4999-8252-CB86619DA4C3}"
	ProjectSection(SolutionItems) = preProject
		identity-docker-compose.yml = identity-docker-compose.yml
		.env = .env
		themesubscription-docker-compose.yml = themesubscription-docker-compose.yml
		rabbitmq-docker-compose.yml = rabbitmq-docker-compose.yml
		forum-docker-compose.yml = forum-docker-compose.yml
	EndProjectSection
EndProject
Project("{FAE04EC0-301F-11D3-BF4B-00C04F79EFBC}") = "ThemeSubscriptionService", "src\Services\ThemeSubscriptionService\ThemeSubscriptionService.csproj", "{55B3287A-6E02-4F59-9833-9F3CB93758C7}"
EndProject
Project("{FAE04EC0-301F-11D3-BF4B-00C04F79EFBC}") = "ForumService", "src\Services\ForumService\ForumService.csproj", "{F10D3874-5FB6-4D66-AD1C-079EFEB2997C}"
EndProject
Global
	GlobalSection(SolutionConfigurationPlatforms) = preSolution
		Debug|Any CPU = Debug|Any CPU
		Release|Any CPU = Release|Any CPU
	EndGlobalSection
	GlobalSection(ProjectConfigurationPlatforms) = postSolution
		{25600D35-CA43-4FD3-AA08-5FE8CD948C61}.Debug|Any CPU.ActiveCfg = Debug|Any CPU
		{25600D35-CA43-4FD3-AA08-5FE8CD948C61}.Debug|Any CPU.Build.0 = Debug|Any CPU
		{25600D35-CA43-4FD3-AA08-5FE8CD948C61}.Release|Any CPU.ActiveCfg = Release|Any CPU
		{25600D35-CA43-4FD3-AA08-5FE8CD948C61}.Release|Any CPU.Build.0 = Release|Any CPU
		{55B3287A-6E02-4F59-9833-9F3CB93758C7}.Debug|Any CPU.ActiveCfg = Debug|Any CPU
		{55B3287A-6E02-4F59-9833-9F3CB93758C7}.Debug|Any CPU.Build.0 = Debug|Any CPU
		{55B3287A-6E02-4F59-9833-9F3CB93758C7}.Release|Any CPU.ActiveCfg = Release|Any CPU
		{55B3287A-6E02-4F59-9833-9F3CB93758C7}.Release|Any CPU.Build.0 = Release|Any CPU
		{F10D3874-5FB6-4D66-AD1C-079EFEB2997C}.Debug|Any CPU.ActiveCfg = Debug|Any CPU
		{F10D3874-5FB6-4D66-AD1C-079EFEB2997C}.Debug|Any CPU.Build.0 = Debug|Any CPU
		{F10D3874-5FB6-4D66-AD1C-079EFEB2997C}.Release|Any CPU.ActiveCfg = Release|Any CPU
		{F10D3874-5FB6-4D66-AD1C-079EFEB2997C}.Release|Any CPU.Build.0 = Release|Any CPU
	EndGlobalSection
EndGlobal
